{
  "name": "tray",
  "version": "1.0.0",
  "lockfileVersion": 2,
  "requires": true,
  "packages": {
    "": {
      "version": "1.0.0",
      "license": "ISC",
      "dependencies": {
        "three-globe": "^2.21.3"
      }
    },
    "node_modules/@turf/boolean-point-in-polygon": {
      "version": "6.5.0",
      "resolved": "https://registry.npmjs.org/@turf/boolean-point-in-polygon/-/boolean-point-in-polygon-6.5.0.tgz",
      "integrity": "sha512-DtSuVFB26SI+hj0SjrvXowGTUCHlgevPAIsukssW6BG5MlNSBQAo70wpICBNJL6RjukXg8d2eXaAWuD/CqL00A==",
      "dependencies": {
        "@turf/helpers": "^6.5.0",
        "@turf/invariant": "^6.5.0"
      },
      "funding": {
        "url": "https://opencollective.com/turf"
      }
    },
    "node_modules/@turf/helpers": {
      "version": "6.5.0",
      "resolved": "https://registry.npmjs.org/@turf/helpers/-/helpers-6.5.0.tgz",
      "integrity": "sha512-VbI1dV5bLFzohYYdgqwikdMVpe7pJ9X3E+dlr425wa2/sMJqYDhTO++ec38/pcPvPE6oD9WEEeU3Xu3gza+VPw==",
      "funding": {
        "url": "https://opencollective.com/turf"
      }
    },
    "node_modules/@turf/invariant": {
      "version": "6.5.0",
      "resolved": "https://registry.npmjs.org/@turf/invariant/-/invariant-6.5.0.tgz",
      "integrity": "sha512-Wv8PRNCtPD31UVbdJE/KVAWKe7l6US+lJItRR/HOEW3eh+U/JwRCSUl/KZ7bmjM/C+zLNoreM2TU6OoLACs4eg==",
      "dependencies": {
        "@turf/helpers": "^6.5.0"
      },
      "funding": {
        "url": "https://opencollective.com/turf"
      }
    },
    "node_modules/@tweenjs/tween.js": {
      "version": "18.6.4",
      "resolved": "https://registry.npmjs.org/@tweenjs/tween.js/-/tween.js-18.6.4.tgz",
      "integrity": "sha512-lB9lMjuqjtuJrx7/kOkqQBtllspPIN+96OvTCeJ2j5FEzinoAXTdAMFnDAQT1KVPRlnYfBrqxtqP66vDM40xxQ=="
    },
    "node_modules/accessor-fn": {
      "version": "1.3.1",
      "resolved": "https://registry.npmjs.org/accessor-fn/-/accessor-fn-1.3.1.tgz",
      "integrity": "sha512-OjmTIiR8VfVV02EC/kSYpBnu6D+CmjNIFhTgU/CQk9xTkl36fc2TaU+ffezgz0fokeqNWnNBq3BtCpZMPfn0UQ=="
    },
    "node_modules/d3-array": {
      "version": "3.1.1",
      "resolved": "https://registry.npmjs.org/d3-array/-/d3-array-3.1.1.tgz",
      "integrity": "sha512-33qQ+ZoZlli19IFiQx4QEpf2CBEayMRzhlisJHSCsSUbDXv6ZishqS1x7uFVClKG4Wr7rZVHvaAttoLow6GqdQ==",
      "dependencies": {
        "internmap": "1 - 2"
      },
      "engines": {
        "node": ">=12"
      }
    },
    "node_modules/d3-collection": {
      "version": "1.0.7",
      "resolved": "https://registry.npmjs.org/d3-collection/-/d3-collection-1.0.7.tgz",
      "integrity": "sha512-ii0/r5f4sjKNTfh84Di+DpztYwqKhEyUlKoPrzUFfeSkWxjW49xU2QzO9qrPrNkpdI0XJkfzvmTu8V2Zylln6A=="
    },
    "node_modules/d3-color": {
      "version": "3.0.1",
      "resolved": "https://registry.npmjs.org/d3-color/-/d3-color-3.0.1.tgz",
      "integrity": "sha512-6/SlHkDOBLyQSJ1j1Ghs82OIUXpKWlR0hCsw0XrLSQhuUPuCSmLQ1QPH98vpnQxMUQM2/gfAkUEWsupVpd9JGw==",
      "engines": {
        "node": ">=12"
      }
    },
    "node_modules/d3-delaunay": {
      "version": "5.3.0",
      "resolved": "https://registry.npmjs.org/d3-delaunay/-/d3-delaunay-5.3.0.tgz",
      "integrity": "sha512-amALSrOllWVLaHTnDLHwMIiz0d1bBu9gZXd1FiLfXf8sHcX9jrcj81TVZOqD4UX7MgBZZ07c8GxzEgBpJqc74w==",
      "dependencies": {
        "delaunator": "4"
      }
    },
    "node_modules/d3-delaunay/node_modules/delaunator": {
      "version": "4.0.1",
      "resolved": "https://registry.npmjs.org/delaunator/-/delaunator-4.0.1.tgz",
      "integrity": "sha512-WNPWi1IRKZfCt/qIDMfERkDp93+iZEmOxN2yy4Jg+Xhv8SLk2UTqqbe1sfiipn0and9QrE914/ihdx82Y/Giag=="
    },
    "node_modules/d3-format": {
      "version": "3.1.0",
      "resolved": "https://registry.npmjs.org/d3-format/-/d3-format-3.1.0.tgz",
      "integrity": "sha512-YyUI6AEuY/Wpt8KWLgZHsIU86atmikuoOmCfommt0LYHiQSPjvX2AcFc38PX0CBpr2RCyZhjex+NS/LPOv6YqA==",
      "engines": {
        "node": ">=12"
      }
    },
    "node_modules/d3-geo": {
      "version": "3.0.1",
      "resolved": "https://registry.npmjs.org/d3-geo/-/d3-geo-3.0.1.tgz",
      "integrity": "sha512-Wt23xBych5tSy9IYAM1FR2rWIBFWa52B/oF/GYe5zbdHrg08FU8+BuI6X4PvTwPDdqdAdq04fuWJpELtsaEjeA==",
      "dependencies": {
        "d3-array": "2.5.0 - 3"
      },
      "engines": {
        "node": ">=12"
      }
    },
    "node_modules/d3-geo-voronoi": {
      "version": "1.6.0",
      "resolved": "https://registry.npmjs.org/d3-geo-voronoi/-/d3-geo-voronoi-1.6.0.tgz",
      "integrity": "sha512-8SCbKEbOKFRncHqqrALdmXeMZxzc2wPQLLTXMi6eShlnatoX3xSPRxevwjAHEI2hzO3VFXDJebi5YrJaNmxJBQ==",
      "dependencies": {
        "d3-array": "^2.0",
        "d3-delaunay": "5",
        "d3-geo": "^1.0",
        "d3-tricontour": "0.1.0"
      }
    },
    "node_modules/d3-geo-voronoi/node_modules/d3-array": {
      "version": "2.12.1",
      "resolved": "https://registry.npmjs.org/d3-array/-/d3-array-2.12.1.tgz",
      "integrity": "sha512-B0ErZK/66mHtEsR1TkPEEkwdy+WDesimkM5gpZr5Dsg54BiTA5RXtYW5qTLIAcekaS9xfZrzBLF/OAkB3Qn1YQ==",
      "dependencies": {
        "internmap": "^1.0.0"
      }
    },
    "node_modules/d3-geo-voronoi/node_modules/d3-geo": {
      "version": "1.12.1",
      "resolved": "https://registry.npmjs.org/d3-geo/-/d3-geo-1.12.1.tgz",
      "integrity": "sha512-XG4d1c/UJSEX9NfU02KwBL6BYPj8YKHxgBEw5om2ZnTRSbIcego6dhHwcxuSR3clxh0EpE38os1DVPOmnYtTPg==",
      "dependencies": {
        "d3-array": "1"
      }
    },
    "node_modules/d3-geo-voronoi/node_modules/d3-geo/node_modules/d3-array": {
      "version": "1.2.4",
      "resolved": "https://registry.npmjs.org/d3-array/-/d3-array-1.2.4.tgz",
      "integrity": "sha512-KHW6M86R+FUPYGb3R5XiYjXPq7VzwxZ22buHhAEVG5ztoEcZZMLov530mmccaqA1GghZArjQV46fuc8kUqhhHw=="
    },
    "node_modules/d3-geo-voronoi/node_modules/internmap": {
      "version": "1.0.1",
      "resolved": "https://registry.npmjs.org/internmap/-/internmap-1.0.1.tgz",
      "integrity": "sha512-lDB5YccMydFBtasVtxnZ3MRBHuaoE8GKsppq+EchKL2U4nK/DmEpPHNH8MZe5HkMtpSiTSOZwfN0tzYjO/lJEw=="
    },
    "node_modules/d3-interpolate": {
      "version": "3.0.1",
      "resolved": "https://registry.npmjs.org/d3-interpolate/-/d3-interpolate-3.0.1.tgz",
      "integrity": "sha512-3bYs1rOD33uo8aqJfKP3JWPAibgw8Zm2+L9vBKEHJ2Rg+viTR7o5Mmv5mZcieN+FRYaAOWX5SJATX6k1PWz72g==",
      "dependencies": {
        "d3-color": "1 - 3"
      },
      "engines": {
        "node": ">=12"
      }
    },
    "node_modules/d3-scale": {
      "version": "4.0.2",
      "resolved": "https://registry.npmjs.org/d3-scale/-/d3-scale-4.0.2.tgz",
      "integrity": "sha512-GZW464g1SH7ag3Y7hXjf8RoUuAFIqklOAq3MRl4OaWabTFJY9PN/E1YklhXLh+OQ3fM9yS2nOkCoS+WLZ6kvxQ==",
      "dependencies": {
        "d3-array": "2.10.0 - 3",
        "d3-format": "1 - 3",
        "d3-interpolate": "1.2.0 - 3",
        "d3-time": "2.1.1 - 3",
        "d3-time-format": "2 - 4"
      },
      "engines": {
        "node": ">=12"
      }
    },
    "node_modules/d3-time": {
      "version": "3.0.0",
      "resolved": "https://registry.npmjs.org/d3-time/-/d3-time-3.0.0.tgz",
      "integrity": "sha512-zmV3lRnlaLI08y9IMRXSDshQb5Nj77smnfpnd2LrBa/2K281Jijactokeak14QacHs/kKq0AQ121nidNYlarbQ==",
      "dependencies": {
        "d3-array": "2 - 3"
      },
      "engines": {
        "node": ">=12"
      }
    },
    "node_modules/d3-time-format": {
      "version": "4.1.0",
      "resolved": "https://registry.npmjs.org/d3-time-format/-/d3-time-format-4.1.0.tgz",
      "integrity": "sha512-dJxPBlzC7NugB2PDLwo9Q8JiTR3M3e4/XANkreKSUxF8vvXKqm1Yfq4Q5dl8budlunRVlUUaDUgFt7eA8D6NLg==",
      "dependencies": {
        "d3-time": "1 - 3"
      },
      "engines": {
        "node": ">=12"
      }
    },
    "node_modules/d3-tricontour": {
      "version": "0.1.0",
      "resolved": "https://registry.npmjs.org/d3-tricontour/-/d3-tricontour-0.1.0.tgz",
      "integrity": "sha512-eoQBEcA8+WwFyMludToU6XfzNXfdDOh0fCZM3bRAfD03s5y7+FaV3xT6NaTxnSKGw0MX7xi7tXMkJnLiAz6pzA==",
      "dependencies": {
        "d3-delaunay": "5",
        "d3-scale": "1"
      }
    },
    "node_modules/d3-tricontour/node_modules/d3-array": {
      "version": "1.2.4",
      "resolved": "https://registry.npmjs.org/d3-array/-/d3-array-1.2.4.tgz",
      "integrity": "sha512-KHW6M86R+FUPYGb3R5XiYjXPq7VzwxZ22buHhAEVG5ztoEcZZMLov530mmccaqA1GghZArjQV46fuc8kUqhhHw=="
    },
    "node_modules/d3-tricontour/node_modules/d3-color": {
      "version": "1.4.1",
      "resolved": "https://registry.npmjs.org/d3-color/-/d3-color-1.4.1.tgz",
      "integrity": "sha512-p2sTHSLCJI2QKunbGb7ocOh7DgTAn8IrLx21QRc/BSnodXM4sv6aLQlnfpvehFMLZEfBc6g9pH9SWQccFYfJ9Q=="
    },
    "node_modules/d3-tricontour/node_modules/d3-format": {
      "version": "1.4.5",
      "resolved": "https://registry.npmjs.org/d3-format/-/d3-format-1.4.5.tgz",
      "integrity": "sha512-J0piedu6Z8iB6TbIGfZgDzfXxUFN3qQRMofy2oPdXzQibYGqPB/9iMcxr/TGalU+2RsyDO+U4f33id8tbnSRMQ=="
    },
    "node_modules/d3-tricontour/node_modules/d3-interpolate": {
      "version": "1.4.0",
      "resolved": "https://registry.npmjs.org/d3-interpolate/-/d3-interpolate-1.4.0.tgz",
      "integrity": "sha512-V9znK0zc3jOPV4VD2zZn0sDhZU3WAE2bmlxdIwwQPPzPjvyLkd8B3JUVdS1IDUFDkWZ72c9qnv1GK2ZagTZ8EA==",
      "dependencies": {
        "d3-color": "1"
      }
    },
    "node_modules/d3-tricontour/node_modules/d3-scale": {
      "version": "1.0.7",
      "resolved": "https://registry.npmjs.org/d3-scale/-/d3-scale-1.0.7.tgz",
      "integrity": "sha512-KvU92czp2/qse5tUfGms6Kjig0AhHOwkzXG0+PqIJB3ke0WUv088AHMZI0OssO9NCkXt4RP8yju9rpH8aGB7Lw==",
      "dependencies": {
        "d3-array": "^1.2.0",
        "d3-collection": "1",
        "d3-color": "1",
        "d3-format": "1",
        "d3-interpolate": "1",
        "d3-time": "1",
        "d3-time-format": "2"
      }
    },
    "node_modules/d3-tricontour/node_modules/d3-time": {
      "version": "1.1.0",
      "resolved": "https://registry.npmjs.org/d3-time/-/d3-time-1.1.0.tgz",
      "integrity": "sha512-Xh0isrZ5rPYYdqhAVk8VLnMEidhz5aP7htAADH6MfzgmmicPkTo8LhkLxci61/lCB7n7UmE3bN0leRt+qvkLxA=="
    },
    "node_modules/d3-tricontour/node_modules/d3-time-format": {
      "version": "2.3.0",
      "resolved": "https://registry.npmjs.org/d3-time-format/-/d3-time-format-2.3.0.tgz",
      "integrity": "sha512-guv6b2H37s2Uq/GefleCDtbe0XZAuy7Wa49VGkPVPMfLL9qObgBST3lEHJBMUp8S7NdLQAGIvr2KXk8Hc98iKQ==",
      "dependencies": {
        "d3-time": "1"
      }
    },
    "node_modules/data-joint": {
      "version": "1.2.4",
      "resolved": "https://registry.npmjs.org/data-joint/-/data-joint-1.2.4.tgz",
      "integrity": "sha512-CEHgReWct+ofD1rpIhLy2IBOWkS4J5KbgCulvrRQVMlgs7dFbvhPwJt+J0upA9e7w/x+MepG6MLANm+uo0nudQ==",
      "dependencies": {
        "index-array-by": "^1.3.1"
      }
    },
    "node_modules/debounce": {
      "version": "1.2.1",
      "resolved": "https://registry.npmjs.org/debounce/-/debounce-1.2.1.tgz",
      "integrity": "sha512-XRRe6Glud4rd/ZGQfiV1ruXSfbvfJedlV9Y6zOlP+2K04vBYiJEte6stfFkCP03aMnY5tsipamumUjL14fofug=="
    },
    "node_modules/delaunator": {
      "version": "5.0.0",
      "resolved": "https://registry.npmjs.org/delaunator/-/delaunator-5.0.0.tgz",
      "integrity": "sha512-AyLvtyJdbv/U1GkiS6gUUzclRoAY4Gs75qkMygJJhU75LW4DNuSF2RMzpxs9jw9Oz1BobHjTdkG3zdP55VxAqw==",
      "dependencies": {
        "robust-predicates": "^3.0.0"
      }
    },
    "node_modules/earcut": {
      "version": "2.2.3",
      "resolved": "https://registry.npmjs.org/earcut/-/earcut-2.2.3.tgz",
      "integrity": "sha512-iRDI1QeCQIhMCZk48DRDMVgQSSBDmbzzNhnxIo+pwx3swkfjMh6vh0nWLq1NdvGHLKH6wIrAM3vQWeTj6qeoug=="
    },
    "node_modules/frame-ticker": {
      "version": "1.0.3",
      "resolved": "https://registry.npmjs.org/frame-ticker/-/frame-ticker-1.0.3.tgz",
      "integrity": "sha1-LJnT/rtJP9HTYhNRzQAxiXlKEkU=",
      "dependencies": {
        "simplesignal": "^2.1.6"
      }
    },
    "node_modules/h3-js": {
      "version": "3.7.2",
      "resolved": "https://registry.npmjs.org/h3-js/-/h3-js-3.7.2.tgz",
      "integrity": "sha512-LPjlHSwB9zQZrMqKloCZmmmt3yZzIK7nqPcXqwU93zT3TtYG6jP4tZBzAPouxut7lLjdFbMQ75wRBiKfpsnY7w==",
      "engines": {
        "node": ">=4",
        "npm": ">=3",
        "yarn": ">=1.3.0"
      }
    },
    "node_modules/index-array-by": {
      "version": "1.3.1",
      "resolved": "https://registry.npmjs.org/index-array-by/-/index-array-by-1.3.1.tgz",
      "integrity": "sha512-e3RmATJZXJWZg9obaLdgPZcz42mzCrr4RuxB/6YaVds7tkUjPRw3Zaebs5YXo4WPyCA0Y9ZKcGYHRqGbGhoU8Q=="
    },
    "node_modules/internmap": {
      "version": "2.0.3",
      "resolved": "https://registry.npmjs.org/internmap/-/internmap-2.0.3.tgz",
      "integrity": "sha512-5Hh7Y1wQbvY5ooGgPbDaL5iYLAPzMTUrjMulskHLH6wnv/A+1q5rgEaiuqEjB+oxGXIVZs1FF+R/KPN3ZSQYYg==",
      "engines": {
        "node": ">=12"
      }
    },
    "node_modules/kapsule": {
      "version": "1.13.5",
      "resolved": "https://registry.npmjs.org/kapsule/-/kapsule-1.13.5.tgz",
      "integrity": "sha512-9afHwbLgY2FyFtGmSOLvAObv8aGRa+yKqvHSq5yEpuqZ4okXpNtiGc4ykRbQifhGHyq2tY+YAfBBr/6wgyQZXA==",
      "dependencies": {
        "debounce": "^1.2.1"
      }
    },
    "node_modules/robust-predicates": {
      "version": "3.0.1",
      "resolved": "https://registry.npmjs.org/robust-predicates/-/robust-predicates-3.0.1.tgz",
      "integrity": "sha512-ndEIpszUHiG4HtDsQLeIuMvRsDnn8c8rYStabochtUeCvfuvNptb5TUbVD68LRAILPX7p9nqQGh4xJgn3EHS/g=="
    },
    "node_modules/simplesignal": {
      "version": "2.1.7",
      "resolved": "https://registry.npmjs.org/simplesignal/-/simplesignal-2.1.7.tgz",
      "integrity": "sha1-jhWXix+LRNVb19cIHcN7cUfPEp8="
    },
    "node_modules/three": {
      "version": "0.135.0",
      "resolved": "https://registry.npmjs.org/three/-/three-0.135.0.tgz",
      "integrity": "sha512-kuEpuuxRzLv0MDsXai9huCxOSQPZ4vje6y0gn80SRmQvgz6/+rI0NAvCRAw56zYaWKMGMfqKWsxF9Qa2Z9xymQ==",
      "peer": true
    },
    "node_modules/three-conic-polygon-geometry": {
      "version": "1.4.5",
      "resolved": "https://registry.npmjs.org/three-conic-polygon-geometry/-/three-conic-polygon-geometry-1.4.5.tgz",
      "integrity": "sha512-yhreRuX3GnJ7T0xizEgG5r6IU/hXxdWiKNwWdWUgdHLz+qnFvwk3qCwSkgXn6p9eBluQrpMNnvtU3Kv4u93w4g==",
      "dependencies": {
        "@turf/boolean-point-in-polygon": "^6.5",
        "d3-array": "1 - 3",
        "d3-geo": "1 - 3",
        "d3-geo-voronoi": "^1.6",
        "delaunator": "5",
        "earcut": "2"
      },
      "peerDependencies": {
        "three": ">=0.72.0"
      }
    },
    "node_modules/three-fatline": {
      "version": "0.5.3",
      "resolved": "https://registry.npmjs.org/three-fatline/-/three-fatline-0.5.3.tgz",
      "integrity": "sha512-oKpBkodXLim6STcM6mbdZT4i0PwsXnjHzsEo6I0OO7HHkbkV1XJ+mvmuMDwmfAxT5PjJDbQhvrB1lfoGjEQdUg==",
      "peerDependencies": {
        "three": ">=0.84.0"
      }
    },
    "node_modules/three-geojson-geometry": {
      "version": "1.1.6",
      "resolved": "https://registry.npmjs.org/three-geojson-geometry/-/three-geojson-geometry-1.1.6.tgz",
      "integrity": "sha512-q5KTcvzMMiWZ46ly8hOLv2GxT10vayYB9VaWU1Vf8pX1YlYHuY/3n7In4KQ7EaYYQc0zI6TI1Mopd55IdoQ6Zw==",
      "dependencies": {
        "d3-geo": "1 - 3",
        "earcut": "2"
      },
      "peerDependencies": {
        "three": ">=0.72.0"
      }
    },
    "node_modules/three-globe": {
      "version": "2.21.3",
      "resolved": "https://registry.npmjs.org/three-globe/-/three-globe-2.21.3.tgz",
      "integrity": "sha512-ueMHVmpyutqgrgjZQe3VHutOlfveCwYB71cTuAu4zC3mnJAIy7A4/kLW8xz5ka3l1Pxa8+Avr50A7b5abW0CkQ==",
      "dependencies": {
        "@tweenjs/tween.js": "18",
        "accessor-fn": "1",
        "d3-geo": "1 - 3",
        "d3-interpolate": "1 - 3",
        "d3-scale": "1 - 4",
        "data-joint": "^1.2",
        "earcut": "2",
        "frame-ticker": "1",
        "h3-js": "3",
        "index-array-by": "1",
        "kapsule": "^1.13",
        "three-conic-polygon-geometry": "^1.4",
        "three-fatline": "^0.5",
        "three-geojson-geometry": "^1.1",
        "tinycolor2": "^1.4"
      },
      "peerDependencies": {
        "three": ">=0.109.0"
      }
    },
    "node_modules/tinycolor2": {
      "version": "1.4.2",
      "resolved": "https://registry.npmjs.org/tinycolor2/-/tinycolor2-1.4.2.tgz",
      "integrity": "sha512-vJhccZPs965sV/L2sU4oRQVAos0pQXwsvTLkWYdqJ+a8Q5kPFzJTuOFwy7UniPli44NKQGAglksjvOcpo95aZA==",
      "engines": {
        "node": "*"
      }
    }
  },
  "dependencies": {
    "@turf/boolean-point-in-polygon": {
      "version": "6.5.0",
      "resolved": "https://registry.npmjs.org/@turf/boolean-point-in-polygon/-/boolean-point-in-polygon-6.5.0.tgz",
      "integrity": "sha512-DtSuVFB26SI+hj0SjrvXowGTUCHlgevPAIsukssW6BG5MlNSBQAo70wpICBNJL6RjukXg8d2eXaAWuD/CqL00A==",
      "requires": {
        "@turf/helpers": "^6.5.0",
        "@turf/invariant": "^6.5.0"
      }
    },
    "@turf/helpers": {
      "version": "6.5.0",
      "resolved": "https://registry.npmjs.org/@turf/helpers/-/helpers-6.5.0.tgz",
      "integrity": "sha512-VbI1dV5bLFzohYYdgqwikdMVpe7pJ9X3E+dlr425wa2/sMJqYDhTO++ec38/pcPvPE6oD9WEEeU3Xu3gza+VPw=="
    },
    "@turf/invariant": {
      "version": "6.5.0",
      "resolved": "https://registry.npmjs.org/@turf/invariant/-/invariant-6.5.0.tgz",
      "integrity": "sha512-Wv8PRNCtPD31UVbdJE/KVAWKe7l6US+lJItRR/HOEW3eh+U/JwRCSUl/KZ7bmjM/C+zLNoreM2TU6OoLACs4eg==",
      "requires": {
        "@turf/helpers": "^6.5.0"
      }
    },
    "@tweenjs/tween.js": {
      "version": "18.6.4",
      "resolved": "https://registry.npmjs.org/@tweenjs/tween.js/-/tween.js-18.6.4.tgz",
      "integrity": "sha512-lB9lMjuqjtuJrx7/kOkqQBtllspPIN+96OvTCeJ2j5FEzinoAXTdAMFnDAQT1KVPRlnYfBrqxtqP66vDM40xxQ=="
    },
    "accessor-fn": {
      "version": "1.3.1",
      "resolved": "https://registry.npmjs.org/accessor-fn/-/accessor-fn-1.3.1.tgz",
      "integrity": "sha512-OjmTIiR8VfVV02EC/kSYpBnu6D+CmjNIFhTgU/CQk9xTkl36fc2TaU+ffezgz0fokeqNWnNBq3BtCpZMPfn0UQ=="
    },
    "d3-array": {
      "version": "3.1.1",
      "resolved": "https://registry.npmjs.org/d3-array/-/d3-array-3.1.1.tgz",
      "integrity": "sha512-33qQ+ZoZlli19IFiQx4QEpf2CBEayMRzhlisJHSCsSUbDXv6ZishqS1x7uFVClKG4Wr7rZVHvaAttoLow6GqdQ==",
      "requires": {
        "internmap": "1 - 2"
      }
    },
    "d3-collection": {
      "version": "1.0.7",
      "resolved": "https://registry.npmjs.org/d3-collection/-/d3-collection-1.0.7.tgz",
      "integrity": "sha512-ii0/r5f4sjKNTfh84Di+DpztYwqKhEyUlKoPrzUFfeSkWxjW49xU2QzO9qrPrNkpdI0XJkfzvmTu8V2Zylln6A=="
    },
    "d3-color": {
      "version": "3.0.1",
      "resolved": "https://registry.npmjs.org/d3-color/-/d3-color-3.0.1.tgz",
      "integrity": "sha512-6/SlHkDOBLyQSJ1j1Ghs82OIUXpKWlR0hCsw0XrLSQhuUPuCSmLQ1QPH98vpnQxMUQM2/gfAkUEWsupVpd9JGw=="
    },
    "d3-delaunay": {
      "version": "5.3.0",
      "resolved": "https://registry.npmjs.org/d3-delaunay/-/d3-delaunay-5.3.0.tgz",
      "integrity": "sha512-amALSrOllWVLaHTnDLHwMIiz0d1bBu9gZXd1FiLfXf8sHcX9jrcj81TVZOqD4UX7MgBZZ07c8GxzEgBpJqc74w==",
      "requires": {
        "delaunator": "4"
      },
      "dependencies": {
        "delaunator": {
          "version": "4.0.1",
          "resolved": "https://registry.npmjs.org/delaunator/-/delaunator-4.0.1.tgz",
          "integrity": "sha512-WNPWi1IRKZfCt/qIDMfERkDp93+iZEmOxN2yy4Jg+Xhv8SLk2UTqqbe1sfiipn0and9QrE914/ihdx82Y/Giag=="
        }
      }
    },
    "d3-format": {
      "version": "3.1.0",
      "resolved": "https://registry.npmjs.org/d3-format/-/d3-format-3.1.0.tgz",
      "integrity": "sha512-YyUI6AEuY/Wpt8KWLgZHsIU86atmikuoOmCfommt0LYHiQSPjvX2AcFc38PX0CBpr2RCyZhjex+NS/LPOv6YqA=="
    },
    "d3-geo": {
      "version": "3.0.1",
      "resolved": "https://registry.npmjs.org/d3-geo/-/d3-geo-3.0.1.tgz",
      "integrity": "sha512-Wt23xBych5tSy9IYAM1FR2rWIBFWa52B/oF/GYe5zbdHrg08FU8+BuI6X4PvTwPDdqdAdq04fuWJpELtsaEjeA==",
      "requires": {
        "d3-array": "2.5.0 - 3"
      }
    },
    "d3-geo-voronoi": {
      "version": "1.6.0",
      "resolved": "https://registry.npmjs.org/d3-geo-voronoi/-/d3-geo-voronoi-1.6.0.tgz",
      "integrity": "sha512-8SCbKEbOKFRncHqqrALdmXeMZxzc2wPQLLTXMi6eShlnatoX3xSPRxevwjAHEI2hzO3VFXDJebi5YrJaNmxJBQ==",
      "requires": {
        "d3-array": "^2.0",
        "d3-delaunay": "5",
        "d3-geo": "^1.0",
        "d3-tricontour": "0.1.0"
      },
      "dependencies": {
        "d3-array": {
          "version": "2.12.1",
          "resolved": "https://registry.npmjs.org/d3-array/-/d3-array-2.12.1.tgz",
          "integrity": "sha512-B0ErZK/66mHtEsR1TkPEEkwdy+WDesimkM5gpZr5Dsg54BiTA5RXtYW5qTLIAcekaS9xfZrzBLF/OAkB3Qn1YQ==",
          "requires": {
            "internmap": "^1.0.0"
          }
        },
        "d3-geo": {
          "version": "1.12.1",
          "resolved": "https://registry.npmjs.org/d3-geo/-/d3-geo-1.12.1.tgz",
          "integrity": "sha512-XG4d1c/UJSEX9NfU02KwBL6BYPj8YKHxgBEw5om2ZnTRSbIcego6dhHwcxuSR3clxh0EpE38os1DVPOmnYtTPg==",
          "requires": {
            "d3-array": "1"
          },
          "dependencies": {
            "d3-array": {
              "version": "1.2.4",
              "resolved": "https://registry.npmjs.org/d3-array/-/d3-array-1.2.4.tgz",
              "integrity": "sha512-KHW6M86R+FUPYGb3R5XiYjXPq7VzwxZ22buHhAEVG5ztoEcZZMLov530mmccaqA1GghZArjQV46fuc8kUqhhHw=="
            }
          }
        },
        "internmap": {
          "version": "1.0.1",
          "resolved": "https://registry.npmjs.org/internmap/-/internmap-1.0.1.tgz",
          "integrity": "sha512-lDB5YccMydFBtasVtxnZ3MRBHuaoE8GKsppq+EchKL2U4nK/DmEpPHNH8MZe5HkMtpSiTSOZwfN0tzYjO/lJEw=="
        }
      }
    },
    "d3-interpolate": {
      "version": "3.0.1",
      "resolved": "https://registry.npmjs.org/d3-interpolate/-/d3-interpolate-3.0.1.tgz",
      "integrity": "sha512-3bYs1rOD33uo8aqJfKP3JWPAibgw8Zm2+L9vBKEHJ2Rg+viTR7o5Mmv5mZcieN+FRYaAOWX5SJATX6k1PWz72g==",
      "requires": {
        "d3-color": "1 - 3"
      }
    },
    "d3-scale": {
      "version": "4.0.2",
      "resolved": "https://registry.npmjs.org/d3-scale/-/d3-scale-4.0.2.tgz",
      "integrity": "sha512-GZW464g1SH7ag3Y7hXjf8RoUuAFIqklOAq3MRl4OaWabTFJY9PN/E1YklhXLh+OQ3fM9yS2nOkCoS+WLZ6kvxQ==",
      "requires": {
        "d3-array": "2.10.0 - 3",
        "d3-format": "1 - 3",
        "d3-interpolate": "1.2.0 - 3",
        "d3-time": "2.1.1 - 3",
        "d3-time-format": "2 - 4"
      }
    },
    "d3-time": {
      "version": "3.0.0",
      "resolved": "https://registry.npmjs.org/d3-time/-/d3-time-3.0.0.tgz",
      "integrity": "sha512-zmV3lRnlaLI08y9IMRXSDshQb5Nj77smnfpnd2LrBa/2K281Jijactokeak14QacHs/kKq0AQ121nidNYlarbQ==",
      "requires": {
        "d3-array": "2 - 3"
      }
    },
    "d3-time-format": {
      "version": "4.1.0",
      "resolved": "https://registry.npmjs.org/d3-time-format/-/d3-time-format-4.1.0.tgz",
      "integrity": "sha512-dJxPBlzC7NugB2PDLwo9Q8JiTR3M3e4/XANkreKSUxF8vvXKqm1Yfq4Q5dl8budlunRVlUUaDUgFt7eA8D6NLg==",
      "requires": {
        "d3-time": "1 - 3"
      }
    },
    "d3-tricontour": {
      "version": "0.1.0",
      "resolved": "https://registry.npmjs.org/d3-tricontour/-/d3-tricontour-0.1.0.tgz",
      "integrity": "sha512-eoQBEcA8+WwFyMludToU6XfzNXfdDOh0fCZM3bRAfD03s5y7+FaV3xT6NaTxnSKGw0MX7xi7tXMkJnLiAz6pzA==",
      "requires": {
        "d3-delaunay": "5",
        "d3-scale": "1"
      },
      "dependencies": {
        "d3-array": {
          "version": "1.2.4",
          "resolved": "https://registry.npmjs.org/d3-array/-/d3-array-1.2.4.tgz",
          "integrity": "sha512-KHW6M86R+FUPYGb3R5XiYjXPq7VzwxZ22buHhAEVG5ztoEcZZMLov530mmccaqA1GghZArjQV46fuc8kUqhhHw=="
        },
        "d3-color": {
          "version": "1.4.1",
          "resolved": "https://registry.npmjs.org/d3-color/-/d3-color-1.4.1.tgz",
          "integrity": "sha512-p2sTHSLCJI2QKunbGb7ocOh7DgTAn8IrLx21QRc/BSnodXM4sv6aLQlnfpvehFMLZEfBc6g9pH9SWQccFYfJ9Q=="
        },
        "d3-format": {
          "version": "1.4.5",
          "resolved": "https://registry.npmjs.org/d3-format/-/d3-format-1.4.5.tgz",
          "integrity": "sha512-J0piedu6Z8iB6TbIGfZgDzfXxUFN3qQRMofy2oPdXzQibYGqPB/9iMcxr/TGalU+2RsyDO+U4f33id8tbnSRMQ=="
        },
        "d3-interpolate": {
          "version": "1.4.0",
          "resolved": "https://registry.npmjs.org/d3-interpolate/-/d3-interpolate-1.4.0.tgz",
          "integrity": "sha512-V9znK0zc3jOPV4VD2zZn0sDhZU3WAE2bmlxdIwwQPPzPjvyLkd8B3JUVdS1IDUFDkWZ72c9qnv1GK2ZagTZ8EA==",
          "requires": {
            "d3-color": "1"
          }
        },
        "d3-scale": {
          "version": "1.0.7",
          "resolved": "https://registry.npmjs.org/d3-scale/-/d3-scale-1.0.7.tgz",
          "integrity": "sha512-KvU92czp2/qse5tUfGms6Kjig0AhHOwkzXG0+PqIJB3ke0WUv088AHMZI0OssO9NCkXt4RP8yju9rpH8aGB7Lw==",
          "requires": {
            "d3-array": "^1.2.0",
            "d3-collection": "1",
            "d3-color": "1",
            "d3-format": "1",
            "d3-interpolate": "1",
            "d3-time": "1",
            "d3-time-format": "2"
          }
        },
        "d3-time": {
          "version": "1.1.0",
          "resolved": "https://registry.npmjs.org/d3-time/-/d3-time-1.1.0.tgz",
          "integrity": "sha512-Xh0isrZ5rPYYdqhAVk8VLnMEidhz5aP7htAADH6MfzgmmicPkTo8LhkLxci61/lCB7n7UmE3bN0leRt+qvkLxA=="
        },
        "d3-time-format": {
          "version": "2.3.0",
          "resolved": "https://registry.npmjs.org/d3-time-format/-/d3-time-format-2.3.0.tgz",
          "integrity": "sha512-guv6b2H37s2Uq/GefleCDtbe0XZAuy7Wa49VGkPVPMfLL9qObgBST3lEHJBMUp8S7NdLQAGIvr2KXk8Hc98iKQ==",
          "requires": {
            "d3-time": "1"
          }
        }
      }
    },
    "data-joint": {
      "version": "1.2.4",
      "resolved": "https://registry.npmjs.org/data-joint/-/data-joint-1.2.4.tgz",
      "integrity": "sha512-CEHgReWct+ofD1rpIhLy2IBOWkS4J5KbgCulvrRQVMlgs7dFbvhPwJt+J0upA9e7w/x+MepG6MLANm+uo0nudQ==",
      "requires": {
        "index-array-by": "^1.3.1"
      }
    },
    "debounce": {
      "version": "1.2.1",
      "resolved": "https://registry.npmjs.org/debounce/-/debounce-1.2.1.tgz",
      "integrity": "sha512-XRRe6Glud4rd/ZGQfiV1ruXSfbvfJedlV9Y6zOlP+2K04vBYiJEte6stfFkCP03aMnY5tsipamumUjL14fofug=="
    },
    "delaunator": {
      "version": "5.0.0",
      "resolved": "https://registry.npmjs.org/delaunator/-/delaunator-5.0.0.tgz",
      "integrity": "sha512-AyLvtyJdbv/U1GkiS6gUUzclRoAY4Gs75qkMygJJhU75LW4DNuSF2RMzpxs9jw9Oz1BobHjTdkG3zdP55VxAqw==",
      "requires": {
        "robust-predicates": "^3.0.0"
      }
    },
    "earcut": {
      "version": "2.2.3",
      "resolved": "https://registry.npmjs.org/earcut/-/earcut-2.2.3.tgz",
      "integrity": "sha512-iRDI1QeCQIhMCZk48DRDMVgQSSBDmbzzNhnxIo+pwx3swkfjMh6vh0nWLq1NdvGHLKH6wIrAM3vQWeTj6qeoug=="
    },
    "frame-ticker": {
      "version": "1.0.3",
      "resolved": "https://registry.npmjs.org/frame-ticker/-/frame-ticker-1.0.3.tgz",
      "integrity": "sha1-LJnT/rtJP9HTYhNRzQAxiXlKEkU=",
      "requires": {
        "simplesignal": "^2.1.6"
      }
    },
    "h3-js": {
      "version": "3.7.2",
      "resolved": "https://registry.npmjs.org/h3-js/-/h3-js-3.7.2.tgz",
      "integrity": "sha512-LPjlHSwB9zQZrMqKloCZmmmt3yZzIK7nqPcXqwU93zT3TtYG6jP4tZBzAPouxut7lLjdFbMQ75wRBiKfpsnY7w=="
    },
    "index-array-by": {
      "version": "1.3.1",
      "resolved": "https://registry.npmjs.org/index-array-by/-/index-array-by-1.3.1.tgz",
      "integrity": "sha512-e3RmATJZXJWZg9obaLdgPZcz42mzCrr4RuxB/6YaVds7tkUjPRw3Zaebs5YXo4WPyCA0Y9ZKcGYHRqGbGhoU8Q=="
    },
    "internmap": {
      "version": "2.0.3",
      "resolved": "https://registry.npmjs.org/internmap/-/internmap-2.0.3.tgz",
      "integrity": "sha512-5Hh7Y1wQbvY5ooGgPbDaL5iYLAPzMTUrjMulskHLH6wnv/A+1q5rgEaiuqEjB+oxGXIVZs1FF+R/KPN3ZSQYYg=="
    },
    "kapsule": {
      "version": "1.13.5",
      "resolved": "https://registry.npmjs.org/kapsule/-/kapsule-1.13.5.tgz",
      "integrity": "sha512-9afHwbLgY2FyFtGmSOLvAObv8aGRa+yKqvHSq5yEpuqZ4okXpNtiGc4ykRbQifhGHyq2tY+YAfBBr/6wgyQZXA==",
      "requires": {
        "debounce": "^1.2.1"
      }
    },
    "robust-predicates": {
      "version": "3.0.1",
      "resolved": "https://registry.npmjs.org/robust-predicates/-/robust-predicates-3.0.1.tgz",
      "integrity": "sha512-ndEIpszUHiG4HtDsQLeIuMvRsDnn8c8rYStabochtUeCvfuvNptb5TUbVD68LRAILPX7p9nqQGh4xJgn3EHS/g=="
    },
    "simplesignal": {
      "version": "2.1.7",
      "resolved": "https://registry.npmjs.org/simplesignal/-/simplesignal-2.1.7.tgz",
      "integrity": "sha1-jhWXix+LRNVb19cIHcN7cUfPEp8="
    },
    "three": {
      "version": "0.135.0",
      "resolved": "https://registry.npmjs.org/three/-/three-0.135.0.tgz",
      "integrity": "sha512-kuEpuuxRzLv0MDsXai9huCxOSQPZ4vje6y0gn80SRmQvgz6/+rI0NAvCRAw56zYaWKMGMfqKWsxF9Qa2Z9xymQ==",
      "peer": true
    },
    "three-conic-polygon-geometry": {
      "version": "1.4.5",
      "resolved": "https://registry.npmjs.org/three-conic-polygon-geometry/-/three-conic-polygon-geometry-1.4.5.tgz",
      "integrity": "sha512-yhreRuX3GnJ7T0xizEgG5r6IU/hXxdWiKNwWdWUgdHLz+qnFvwk3qCwSkgXn6p9eBluQrpMNnvtU3Kv4u93w4g==",
      "requires": {
        "@turf/boolean-point-in-polygon": "^6.5",
        "d3-array": "1 - 3",
        "d3-geo": "1 - 3",
        "d3-geo-voronoi": "^1.6",
        "delaunator": "5",
        "earcut": "2"
      }
    },
    "three-fatline": {
      "version": "0.5.3",
      "resolved": "https://registry.npmjs.org/three-fatline/-/three-fatline-0.5.3.tgz",
      "integrity": "sha512-oKpBkodXLim6STcM6mbdZT4i0PwsXnjHzsEo6I0OO7HHkbkV1XJ+mvmuMDwmfAxT5PjJDbQhvrB1lfoGjEQdUg==",
      "requires": {}
    },
    "three-geojson-geometry": {
      "version": "1.1.6",
      "resolved": "https://registry.npmjs.org/three-geojson-geometry/-/three-geojson-geometry-1.1.6.tgz",
      "integrity": "sha512-q5KTcvzMMiWZ46ly8hOLv2GxT10vayYB9VaWU1Vf8pX1YlYHuY/3n7In4KQ7EaYYQc0zI6TI1Mopd55IdoQ6Zw==",
      "requires": {
        "d3-geo": "1 - 3",
        "earcut": "2"
      }
    },
    "three-globe": {
      "version": "2.21.3",
      "resolved": "https://registry.npmjs.org/three-globe/-/three-globe-2.21.3.tgz",
      "integrity": "sha512-ueMHVmpyutqgrgjZQe3VHutOlfveCwYB71cTuAu4zC3mnJAIy7A4/kLW8xz5ka3l1Pxa8+Avr50A7b5abW0CkQ==",
      "requires": {
        "@tweenjs/tween.js": "18",
        "accessor-fn": "1",
        "d3-geo": "1 - 3",
        "d3-interpolate": "1 - 3",
        "d3-scale": "1 - 4",
        "data-joint": "^1.2",
        "earcut": "2",
        "frame-ticker": "1",
        "h3-js": "3",
        "index-array-by": "1",
        "kapsule": "^1.13",
        "three-conic-polygon-geometry": "^1.4",
        "three-fatline": "^0.5",
        "three-geojson-geometry": "^1.1",
        "tinycolor2": "^1.4"
      }
    },
    "tinycolor2": {
      "version": "1.4.2",
      "resolved": "https://registry.npmjs.org/tinycolor2/-/tinycolor2-1.4.2.tgz",
      "integrity": "sha512-vJhccZPs965sV/L2sU4oRQVAos0pQXwsvTLkWYdqJ+a8Q5kPFzJTuOFwy7UniPli44NKQGAglksjvOcpo95aZA=="
    }
  }
}
